
Microsoft Visual Studio Solution File, Format Version 12.00
# Visual Studio Version 16
VisualStudioVersion = 16.0.29215.179
MinimumVisualStudioVersion = 10.0.40219.1
Project("{FAE04EC0-301F-11D3-BF4B-00C04F79EFBC}") = "PasswordManager", "PasswordManager\PasswordManager.csproj", "{A74F8465-27DC-427B-8F94-30EC5DB75D2A}"
EndProject
Global
	GlobalSection(SolutionConfigurationPlatforms) = preSolution
		Debug|Any CPU = Debug|Any CPU
		Release|Any CPU = Release|Any CPU
	EndGlobalSection
	GlobalSection(ProjectConfigurationPlatforms) = postSolution
		{A74F8465-27DC-427B-8F94-30EC5DB75D2A}.Debug|Any CPU.ActiveCfg = Debug|Any CPU
		{A74F8465-27DC-427B-8F94-30EC5DB75D2A}.Debug|Any CPU.Build.0 = Debug|Any CPU
		{A74F8465-27DC-427B-8F94-30EC5DB75D2A}.Release|Any CPU.ActiveCfg = Release|Any CPU
		{A74F8465-27DC-427B-8F94-30EC5DB75D2A}.Release|Any CPU.Build.0 = Release|Any CPU
	EndGlobalSection
	GlobalSection(SolutionProperties) = preSolution
		HideSolutionNode = FALSE
	EndGlobalSection
	GlobalSection(ExtensibilityGlobals) = postSolution
		SolutionGuid = {CC8C032F-69C3-4943-A45A-87275BD6E831}
	EndGlobalSection
EndGlobal
